// !$*UTF8*$!
{
	archiveVersion = 1;
	classes = {
	};
	objectVersion = 51;
	objects = {

/* Begin PBXBuildFile section */
		33DE00682586F00F008C98A3 /* AppDelegate.swift in Sources */ = {isa = PBXBuildFile; fileRef = 33DE00672586F00F008C98A3 /* AppDelegate.swift */; };
		33DE006A2586F00F008C98A3 /* SceneDelegate.swift in Sources */ = {isa = PBXBuildFile; fileRef = 33DE00692586F00F008C98A3 /* SceneDelegate.swift */; };
		33DE006C2586F00F008C98A3 /* ViewController.swift in Sources */ = {isa = PBXBuildFile; fileRef = 33DE006B2586F00F008C98A3 /* ViewController.swift */; };
		33DE00712586F011008C98A3 /* Assets.xcassets in Resources */ = {isa = PBXBuildFile; fileRef = 33DE00702586F011008C98A3 /* Assets.xcassets */; };
		33DE007F2586F012008C98A3 /* ExerciseBlockchainTests.swift in Sources */ = {isa = PBXBuildFile; fileRef = 33DE007E2586F012008C98A3 /* ExerciseBlockchainTests.swift */; };
		33DE008A2586F012008C98A3 /* ExerciseBlockchainUITests.swift in Sources */ = {isa = PBXBuildFile; fileRef = 33DE00892586F012008C98A3 /* ExerciseBlockchainUITests.swift */; };
		33DE009B2586F06F008C98A3 /* ChartModel.swift in Sources */ = {isa = PBXBuildFile; fileRef = 33DE009A2586F06F008C98A3 /* ChartModel.swift */; };
		33DE00A02586F0AB008C98A3 /* EnumCommon.swift in Sources */ = {isa = PBXBuildFile; fileRef = 33DE009F2586F0AB008C98A3 /* EnumCommon.swift */; };
		33DE00B42586F185008C98A3 /* ApiClient.swift in Sources */ = {isa = PBXBuildFile; fileRef = 33DE00B32586F185008C98A3 /* ApiClient.swift */; };
		33DE00B92586F224008C98A3 /* ChartSettingDefaults.swift in Sources */ = {isa = PBXBuildFile; fileRef = 33DE00B82586F224008C98A3 /* ChartSettingDefaults.swift */; };
		48CB1F9F973D27179F16C85F /* Pods_ExerciseBlockchainTests.framework in Frameworks */ = {isa = PBXBuildFile; fileRef = 117F5A23F1F34439DE689AC2 /* Pods_ExerciseBlockchainTests.framework */; };
		6F1389A8B038FF1913212D85 /* Pods_ExerciseBlockchain_ExerciseBlockchainUITests.framework in Frameworks */ = {isa = PBXBuildFile; fileRef = BE27CC76B8B5E67B0964E3A8 /* Pods_ExerciseBlockchain_ExerciseBlockchainUITests.framework */; };
		92EE2B50C104BB20B538FC10 /* Pods_ExerciseBlockchain.framework in Frameworks */ = {isa = PBXBuildFile; fileRef = 6723D889E7CB4C57F0399AC9 /* Pods_ExerciseBlockchain.framework */; };
/* End PBXBuildFile section */

/* Begin PBXContainerItemProxy section */
		33DE007B2586F012008C98A3 /* PBXContainerItemProxy */ = {
			isa = PBXContainerItemProxy;
			containerPortal = 33DE005C2586F00F008C98A3 /* Project object */;
			proxyType = 1;
			remoteGlobalIDString = 33DE00632586F00F008C98A3;
			remoteInfo = ExerciseBlockchain;
		};
		33DE00862586F012008C98A3 /* PBXContainerItemProxy */ = {
			isa = PBXContainerItemProxy;
			containerPortal = 33DE005C2586F00F008C98A3 /* Project object */;
			proxyType = 1;
			remoteGlobalIDString = 33DE00632586F00F008C98A3;
			remoteInfo = ExerciseBlockchain;
		};
/* End PBXContainerItemProxy section */

/* Begin PBXFileReference section */
		117F5A23F1F34439DE689AC2 /* Pods_ExerciseBlockchainTests.framework */ = {isa = PBXFileReference; explicitFileType = wrapper.framework; includeInIndex = 0; path = Pods_ExerciseBlockchainTests.framework; sourceTree = BUILT_PRODUCTS_DIR; };
		33DE00642586F00F008C98A3 /* ExerciseBlockchain.app */ = {isa = PBXFileReference; explicitFileType = wrapper.application; includeInIndex = 0; path = ExerciseBlockchain.app; sourceTree = BUILT_PRODUCTS_DIR; };
		33DE00672586F00F008C98A3 /* AppDelegate.swift */ = {isa = PBXFileReference; lastKnownFileType = sourcecode.swift; path = AppDelegate.swift; sourceTree = "<group>"; };
		33DE00692586F00F008C98A3 /* SceneDelegate.swift */ = {isa = PBXFileReference; lastKnownFileType = sourcecode.swift; path = SceneDelegate.swift; sourceTree = "<group>"; };
		33DE006B2586F00F008C98A3 /* ViewController.swift */ = {isa = PBXFileReference; lastKnownFileType = sourcecode.swift; path = ViewController.swift; sourceTree = "<group>"; };
		33DE00702586F011008C98A3 /* Assets.xcassets */ = {isa = PBXFileReference; lastKnownFileType = folder.assetcatalog; path = Assets.xcassets; sourceTree = "<group>"; };
		33DE00752586F011008C98A3 /* Info.plist */ = {isa = PBXFileReference; lastKnownFileType = text.plist.xml; path = Info.plist; sourceTree = "<group>"; };
		33DE007A2586F012008C98A3 /* ExerciseBlockchainTests.xctest */ = {isa = PBXFileReference; explicitFileType = wrapper.cfbundle; includeInIndex = 0; path = ExerciseBlockchainTests.xctest; sourceTree = BUILT_PRODUCTS_DIR; };
		33DE007E2586F012008C98A3 /* ExerciseBlockchainTests.swift */ = {isa = PBXFileReference; lastKnownFileType = sourcecode.swift; path = ExerciseBlockchainTests.swift; sourceTree = "<group>"; };
		33DE00802586F012008C98A3 /* Info.plist */ = {isa = PBXFileReference; lastKnownFileType = text.plist.xml; path = Info.plist; sourceTree = "<group>"; };
		33DE00852586F012008C98A3 /* ExerciseBlockchainUITests.xctest */ = {isa = PBXFileReference; explicitFileType = wrapper.cfbundle; includeInIndex = 0; path = ExerciseBlockchainUITests.xctest; sourceTree = BUILT_PRODUCTS_DIR; };
		33DE00892586F012008C98A3 /* ExerciseBlockchainUITests.swift */ = {isa = PBXFileReference; lastKnownFileType = sourcecode.swift; path = ExerciseBlockchainUITests.swift; sourceTree = "<group>"; };
		33DE008B2586F012008C98A3 /* Info.plist */ = {isa = PBXFileReference; lastKnownFileType = text.plist.xml; path = Info.plist; sourceTree = "<group>"; };
		33DE009A2586F06F008C98A3 /* ChartModel.swift */ = {isa = PBXFileReference; fileEncoding = 4; lastKnownFileType = sourcecode.swift; path = ChartModel.swift; sourceTree = "<group>"; };
		33DE009F2586F0AB008C98A3 /* EnumCommon.swift */ = {isa = PBXFileReference; fileEncoding = 4; lastKnownFileType = sourcecode.swift; path = EnumCommon.swift; sourceTree = "<group>"; };
		33DE00B32586F185008C98A3 /* ApiClient.swift */ = {isa = PBXFileReference; lastKnownFileType = sourcecode.swift; path = ApiClient.swift; sourceTree = "<group>"; };
		33DE00B82586F224008C98A3 /* ChartSettingDefaults.swift */ = {isa = PBXFileReference; fileEncoding = 4; lastKnownFileType = sourcecode.swift; path = ChartSettingDefaults.swift; sourceTree = "<group>"; };
		3ECA0F80F32B3B3B80FFD9D6 /* Pods-ExerciseBlockchain-ExerciseBlockchainUITests.debug.xcconfig */ = {isa = PBXFileReference; includeInIndex = 1; lastKnownFileType = text.xcconfig; name = "Pods-ExerciseBlockchain-ExerciseBlockchainUITests.debug.xcconfig"; path = "Target Support Files/Pods-ExerciseBlockchain-ExerciseBlockchainUITests/Pods-ExerciseBlockchain-ExerciseBlockchainUITests.debug.xcconfig"; sourceTree = "<group>"; };
		4220B1E52D3CF9F680896A00 /* Pods-ExerciseBlockchain-ExerciseBlockchainUITests.release.xcconfig */ = {isa = PBXFileReference; includeInIndex = 1; lastKnownFileType = text.xcconfig; name = "Pods-ExerciseBlockchain-ExerciseBlockchainUITests.release.xcconfig"; path = "Target Support Files/Pods-ExerciseBlockchain-ExerciseBlockchainUITests/Pods-ExerciseBlockchain-ExerciseBlockchainUITests.release.xcconfig"; sourceTree = "<group>"; };
		5839D8B19C5FBB40EBD154F9 /* Pods-ExerciseBlockchain.release.xcconfig */ = {isa = PBXFileReference; includeInIndex = 1; lastKnownFileType = text.xcconfig; name = "Pods-ExerciseBlockchain.release.xcconfig"; path = "Target Support Files/Pods-ExerciseBlockchain/Pods-ExerciseBlockchain.release.xcconfig"; sourceTree = "<group>"; };
		6723D889E7CB4C57F0399AC9 /* Pods_ExerciseBlockchain.framework */ = {isa = PBXFileReference; explicitFileType = wrapper.framework; includeInIndex = 0; path = Pods_ExerciseBlockchain.framework; sourceTree = BUILT_PRODUCTS_DIR; };
		85366619F53F62ED081A2089 /* Pods-ExerciseBlockchainTests.release.xcconfig */ = {isa = PBXFileReference; includeInIndex = 1; lastKnownFileType = text.xcconfig; name = "Pods-ExerciseBlockchainTests.release.xcconfig"; path = "Target Support Files/Pods-ExerciseBlockchainTests/Pods-ExerciseBlockchainTests.release.xcconfig"; sourceTree = "<group>"; };
		9517B806636B2CAB0175841E /* Pods-ExerciseBlockchain.debug.xcconfig */ = {isa = PBXFileReference; includeInIndex = 1; lastKnownFileType = text.xcconfig; name = "Pods-ExerciseBlockchain.debug.xcconfig"; path = "Target Support Files/Pods-ExerciseBlockchain/Pods-ExerciseBlockchain.debug.xcconfig"; sourceTree = "<group>"; };
		BE27CC76B8B5E67B0964E3A8 /* Pods_ExerciseBlockchain_ExerciseBlockchainUITests.framework */ = {isa = PBXFileReference; explicitFileType = wrapper.framework; includeInIndex = 0; path = Pods_ExerciseBlockchain_ExerciseBlockchainUITests.framework; sourceTree = BUILT_PRODUCTS_DIR; };
		BFDC17CFCC19153A6B366826 /* Pods-ExerciseBlockchainTests.debug.xcconfig */ = {isa = PBXFileReference; includeInIndex = 1; lastKnownFileType = text.xcconfig; name = "Pods-ExerciseBlockchainTests.debug.xcconfig"; path = "Target Support Files/Pods-ExerciseBlockchainTests/Pods-ExerciseBlockchainTests.debug.xcconfig"; sourceTree = "<group>"; };
/* End PBXFileReference section */

/* Begin PBXFrameworksBuildPhase section */
		33DE00612586F00F008C98A3 /* Frameworks */ = {
			isa = PBXFrameworksBuildPhase;
			buildActionMask = 2147483647;
			files = (
				92EE2B50C104BB20B538FC10 /* Pods_ExerciseBlockchain.framework in Frameworks */,
			);
			runOnlyForDeploymentPostprocessing = 0;
		};
		33DE00772586F012008C98A3 /* Frameworks */ = {
			isa = PBXFrameworksBuildPhase;
			buildActionMask = 2147483647;
			files = (
				48CB1F9F973D27179F16C85F /* Pods_ExerciseBlockchainTests.framework in Frameworks */,
			);
			runOnlyForDeploymentPostprocessing = 0;
		};
		33DE00822586F012008C98A3 /* Frameworks */ = {
			isa = PBXFrameworksBuildPhase;
			buildActionMask = 2147483647;
			files = (
				6F1389A8B038FF1913212D85 /* Pods_ExerciseBlockchain_ExerciseBlockchainUITests.framework in Frameworks */,
			);
			runOnlyForDeploymentPostprocessing = 0;
		};
/* End PBXFrameworksBuildPhase section */

/* Begin PBXGroup section */
		17973B0A7CE9BB38DE4F6DA9 /* Frameworks */ = {
			isa = PBXGroup;
			children = (
				6723D889E7CB4C57F0399AC9 /* Pods_ExerciseBlockchain.framework */,
				BE27CC76B8B5E67B0964E3A8 /* Pods_ExerciseBlockchain_ExerciseBlockchainUITests.framework */,
				117F5A23F1F34439DE689AC2 /* Pods_ExerciseBlockchainTests.framework */,
			);
			name = Frameworks;
			sourceTree = "<group>";
		};
		33DE005B2586F00F008C98A3 = {
			isa = PBXGroup;
			children = (
				33DE00662586F00F008C98A3 /* ExerciseBlockchain */,
				33DE007D2586F012008C98A3 /* ExerciseBlockchainTests */,
				33DE00882586F012008C98A3 /* ExerciseBlockchainUITests */,
				33DE00652586F00F008C98A3 /* Products */,
				9141D85D26EA40D76AD17431 /* Pods */,
				17973B0A7CE9BB38DE4F6DA9 /* Frameworks */,
			);
			sourceTree = "<group>";
		};
		33DE00652586F00F008C98A3 /* Products */ = {
			isa = PBXGroup;
			children = (
				33DE00642586F00F008C98A3 /* ExerciseBlockchain.app */,
				33DE007A2586F012008C98A3 /* ExerciseBlockchainTests.xctest */,
				33DE00852586F012008C98A3 /* ExerciseBlockchainUITests.xctest */,
			);
			name = Products;
			sourceTree = "<group>";
		};
		33DE00662586F00F008C98A3 /* ExerciseBlockchain */ = {
			isa = PBXGroup;
			children = (
				33DE00672586F00F008C98A3 /* AppDelegate.swift */,
				33DE00692586F00F008C98A3 /* SceneDelegate.swift */,
				33DE006B2586F00F008C98A3 /* ViewController.swift */,
				33DE009A2586F06F008C98A3 /* ChartModel.swift */,
				33DE00B82586F224008C98A3 /* ChartSettingDefaults.swift */,
				33DE009F2586F0AB008C98A3 /* EnumCommon.swift */,
				33DE00B32586F185008C98A3 /* ApiClient.swift */,
				33DE00702586F011008C98A3 /* Assets.xcassets */,
				33DE00752586F011008C98A3 /* Info.plist */,
			);
			path = ExerciseBlockchain;
			sourceTree = "<group>";
		};
		33DE007D2586F012008C98A3 /* ExerciseBlockchainTests */ = {
			isa = PBXGroup;
			children = (
				33DE007E2586F012008C98A3 /* ExerciseBlockchainTests.swift */,
				33DE00802586F012008C98A3 /* Info.plist */,
			);
			path = ExerciseBlockchainTests;
			sourceTree = "<group>";
		};
		33DE00882586F012008C98A3 /* ExerciseBlockchainUITests */ = {
			isa = PBXGroup;
			children = (
				33DE00892586F012008C98A3 /* ExerciseBlockchainUITests.swift */,
				33DE008B2586F012008C98A3 /* Info.plist */,
			);
			path = ExerciseBlockchainUITests;
			sourceTree = "<group>";
		};
		9141D85D26EA40D76AD17431 /* Pods */ = {
			isa = PBXGroup;
			children = (
				9517B806636B2CAB0175841E /* Pods-ExerciseBlockchain.debug.xcconfig */,
				5839D8B19C5FBB40EBD154F9 /* Pods-ExerciseBlockchain.release.xcconfig */,
				3ECA0F80F32B3B3B80FFD9D6 /* Pods-ExerciseBlockchain-ExerciseBlockchainUITests.debug.xcconfig */,
				4220B1E52D3CF9F680896A00 /* Pods-ExerciseBlockchain-ExerciseBlockchainUITests.release.xcconfig */,
				BFDC17CFCC19153A6B366826 /* Pods-ExerciseBlockchainTests.debug.xcconfig */,
				85366619F53F62ED081A2089 /* Pods-ExerciseBlockchainTests.release.xcconfig */,
			);
			path = Pods;
			sourceTree = "<group>";
		};
/* End PBXGroup section */

/* Begin PBXNativeTarget section */
		33DE00632586F00F008C98A3 /* ExerciseBlockchain */ = {
			isa = PBXNativeTarget;
			buildConfigurationList = 33DE008E2586F012008C98A3 /* Build configuration list for PBXNativeTarget "ExerciseBlockchain" */;
			buildPhases = (
				CF388DB3C02EE873A58236B9 /* [CP] Check Pods Manifest.lock */,
				33DE00602586F00F008C98A3 /* Sources */,
				33DE00612586F00F008C98A3 /* Frameworks */,
				33DE00622586F00F008C98A3 /* Resources */,
				6D31D6B709EBC85DAAE3FE7B /* [CP] Embed Pods Frameworks */,
			);
			buildRules = (
			);
			dependencies = (
			);
			name = ExerciseBlockchain;
			productName = ExerciseBlockchain;
			productReference = 33DE00642586F00F008C98A3 /* ExerciseBlockchain.app */;
			productType = "com.apple.product-type.application";
		};
		33DE00792586F012008C98A3 /* ExerciseBlockchainTests */ = {
			isa = PBXNativeTarget;
			buildConfigurationList = 33DE00912586F012008C98A3 /* Build configuration list for PBXNativeTarget "ExerciseBlockchainTests" */;
			buildPhases = (
				65E2CE193C528D1C5BA32314 /* [CP] Check Pods Manifest.lock */,
				33DE00762586F012008C98A3 /* Sources */,
				33DE00772586F012008C98A3 /* Frameworks */,
				33DE00782586F012008C98A3 /* Resources */,
			);
			buildRules = (
			);
			dependencies = (
				33DE007C2586F012008C98A3 /* PBXTargetDependency */,
			);
			name = ExerciseBlockchainTests;
			productName = ExerciseBlockchainTests;
			productReference = 33DE007A2586F012008C98A3 /* ExerciseBlockchainTests.xctest */;
			productType = "com.apple.product-type.bundle.unit-test";
		};
		33DE00842586F012008C98A3 /* ExerciseBlockchainUITests */ = {
			isa = PBXNativeTarget;
			buildConfigurationList = 33DE00942586F012008C98A3 /* Build configuration list for PBXNativeTarget "ExerciseBlockchainUITests" */;
			buildPhases = (
				4390F19E2BC128E9CD4D6769 /* [CP] Check Pods Manifest.lock */,
				33DE00812586F012008C98A3 /* Sources */,
				33DE00822586F012008C98A3 /* Frameworks */,
				33DE00832586F012008C98A3 /* Resources */,
				D988A72E300EEA14AEDDF133 /* [CP] Embed Pods Frameworks */,
			);
			buildRules = (
			);
			dependencies = (
				33DE00872586F012008C98A3 /* PBXTargetDependency */,
			);
			name = ExerciseBlockchainUITests;
			productName = ExerciseBlockchainUITests;
			productReference = 33DE00852586F012008C98A3 /* ExerciseBlockchainUITests.xctest */;
			productType = "com.apple.product-type.bundle.ui-testing";
		};
/* End PBXNativeTarget section */

/* Begin PBXProject section */
		33DE005C2586F00F008C98A3 /* Project object */ = {
			isa = PBXProject;
			attributes = {
				LastSwiftUpdateCheck = 1200;
				LastUpgradeCheck = 1200;
				TargetAttributes = {
					33DE00632586F00F008C98A3 = {
						CreatedOnToolsVersion = 12.0;
					};
					33DE00792586F012008C98A3 = {
						CreatedOnToolsVersion = 12.0;
						TestTargetID = 33DE00632586F00F008C98A3;
					};
					33DE00842586F012008C98A3 = {
						CreatedOnToolsVersion = 12.0;
						TestTargetID = 33DE00632586F00F008C98A3;
					};
				};
			};
			buildConfigurationList = 33DE005F2586F00F008C98A3 /* Build configuration list for PBXProject "ExerciseBlockchain" */;
			compatibilityVersion = "Xcode 9.3";
			developmentRegion = en;
			hasScannedForEncodings = 0;
			knownRegions = (
				en,
				Base,
			);
			mainGroup = 33DE005B2586F00F008C98A3;
			productRefGroup = 33DE00652586F00F008C98A3 /* Products */;
			projectDirPath = "";
			projectRoot = "";
			targets = (
				33DE00632586F00F008C98A3 /* ExerciseBlockchain */,
				33DE00792586F012008C98A3 /* ExerciseBlockchainTests */,
				33DE00842586F012008C98A3 /* ExerciseBlockchainUITests */,
			);
		};
/* End PBXProject section */

/* Begin PBXResourcesBuildPhase section */
		33DE00622586F00F008C98A3 /* Resources */ = {
			isa = PBXResourcesBuildPhase;
			buildActionMask = 2147483647;
			files = (
				33DE00712586F011008C98A3 /* Assets.xcassets in Resources */,
			);
			runOnlyForDeploymentPostprocessing = 0;
		};
		33DE00782586F012008C98A3 /* Resources */ = {
			isa = PBXResourcesBuildPhase;
			buildActionMask = 2147483647;
			files = (
			);
			runOnlyForDeploymentPostprocessing = 0;
		};
		33DE00832586F012008C98A3 /* Resources */ = {
			isa = PBXResourcesBuildPhase;
			buildActionMask = 2147483647;
			files = (
			);
			runOnlyForDeploymentPostprocessing = 0;
		};
/* End PBXResourcesBuildPhase section */

/* Begin PBXShellScriptBuildPhase section */
		4390F19E2BC128E9CD4D6769 /* [CP] Check Pods Manifest.lock */ = {
			isa = PBXShellScriptBuildPhase;
			buildActionMask = 2147483647;
			files = (
			);
			inputFileListPaths = (
			);
			inputPaths = (
				"${PODS_PODFILE_DIR_PATH}/Podfile.lock",
				"${PODS_ROOT}/Manifest.lock",
			);
			name = "[CP] Check Pods Manifest.lock";
			outputFileListPaths = (
			);
			outputPaths = (
				"$(DERIVED_FILE_DIR)/Pods-ExerciseBlockchain-ExerciseBlockchainUITests-checkManifestLockResult.txt",
			);
			runOnlyForDeploymentPostprocessing = 0;
			shellPath = /bin/sh;
			shellScript = "diff \"${PODS_PODFILE_DIR_PATH}/Podfile.lock\" \"${PODS_ROOT}/Manifest.lock\" > /dev/null\nif [ $? != 0 ] ; then\n    # print error to STDERR\n    echo \"error: The sandbox is not in sync with the Podfile.lock. Run 'pod install' or update your CocoaPods installation.\" >&2\n    exit 1\nfi\n# This output is used by Xcode 'outputs' to avoid re-running this script phase.\necho \"SUCCESS\" > \"${SCRIPT_OUTPUT_FILE_0}\"\n";
			showEnvVarsInLog = 0;
		};
		65E2CE193C528D1C5BA32314 /* [CP] Check Pods Manifest.lock */ = {
			isa = PBXShellScriptBuildPhase;
			buildActionMask = 2147483647;
			files = (
			);
			inputFileListPaths = (
			);
			inputPaths = (
				"${PODS_PODFILE_DIR_PATH}/Podfile.lock",
				"${PODS_ROOT}/Manifest.lock",
			);
			name = "[CP] Check Pods Manifest.lock";
			outputFileListPaths = (
			);
			outputPaths = (
				"$(DERIVED_FILE_DIR)/Pods-ExerciseBlockchainTests-checkManifestLockResult.txt",
			);
			runOnlyForDeploymentPostprocessing = 0;
			shellPath = /bin/sh;
			shellScript = "diff \"${PODS_PODFILE_DIR_PATH}/Podfile.lock\" \"${PODS_ROOT}/Manifest.lock\" > /dev/null\nif [ $? != 0 ] ; then\n    # print error to STDERR\n    echo \"error: The sandbox is not in sync with the Podfile.lock. Run 'pod install' or update your CocoaPods installation.\" >&2\n    exit 1\nfi\n# This output is used by Xcode 'outputs' to avoid re-running this script phase.\necho \"SUCCESS\" > \"${SCRIPT_OUTPUT_FILE_0}\"\n";
			showEnvVarsInLog = 0;
		};
		6D31D6B709EBC85DAAE3FE7B /* [CP] Embed Pods Frameworks */ = {
			isa = PBXShellScriptBuildPhase;
			buildActionMask = 2147483647;
			files = (
			);
			inputFileListPaths = (
				"${PODS_ROOT}/Target Support Files/Pods-ExerciseBlockchain/Pods-ExerciseBlockchain-frameworks-${CONFIGURATION}-input-files.xcfilelist",
			);
			name = "[CP] Embed Pods Frameworks";
			outputFileListPaths = (
				"${PODS_ROOT}/Target Support Files/Pods-ExerciseBlockchain/Pods-ExerciseBlockchain-frameworks-${CONFIGURATION}-output-files.xcfilelist",
			);
			runOnlyForDeploymentPostprocessing = 0;
			shellPath = /bin/sh;
			shellScript = "\"${PODS_ROOT}/Target Support Files/Pods-ExerciseBlockchain/Pods-ExerciseBlockchain-frameworks.sh\"\n";
			showEnvVarsInLog = 0;
		};
		CF388DB3C02EE873A58236B9 /* [CP] Check Pods Manifest.lock */ = {
			isa = PBXShellScriptBuildPhase;
			buildActionMask = 2147483647;
			files = (
			);
			inputFileListPaths = (
			);
			inputPaths = (
				"${PODS_PODFILE_DIR_PATH}/Podfile.lock",
				"${PODS_ROOT}/Manifest.lock",
			);
			name = "[CP] Check Pods Manifest.lock";
			outputFileListPaths = (
			);
			outputPaths = (
				"$(DERIVED_FILE_DIR)/Pods-ExerciseBlockchain-checkManifestLockResult.txt",
			);
			runOnlyForDeploymentPostprocessing = 0;
			shellPath = /bin/sh;
			shellScript = "diff \"${PODS_PODFILE_DIR_PATH}/Podfile.lock\" \"${PODS_ROOT}/Manifest.lock\" > /dev/null\nif [ $? != 0 ] ; then\n    # print error to STDERR\n    echo \"error: The sandbox is not in sync with the Podfile.lock. Run 'pod install' or update your CocoaPods installation.\" >&2\n    exit 1\nfi\n# This output is used by Xcode 'outputs' to avoid re-running this script phase.\necho \"SUCCESS\" > \"${SCRIPT_OUTPUT_FILE_0}\"\n";
			showEnvVarsInLog = 0;
		};
		D988A72E300EEA14AEDDF133 /* [CP] Embed Pods Frameworks */ = {
			isa = PBXShellScriptBuildPhase;
			buildActionMask = 2147483647;
			files = (
			);
			inputFileListPaths = (
				"${PODS_ROOT}/Target Support Files/Pods-ExerciseBlockchain-ExerciseBlockchainUITests/Pods-ExerciseBlockchain-ExerciseBlockchainUITests-frameworks-${CONFIGURATION}-input-files.xcfilelist",
			);
			name = "[CP] Embed Pods Frameworks";
			outputFileListPaths = (
				"${PODS_ROOT}/Target Support Files/Pods-ExerciseBlockchain-ExerciseBlockchainUITests/Pods-ExerciseBlockchain-ExerciseBlockchainUITests-frameworks-${CONFIGURATION}-output-files.xcfilelist",
			);
			runOnlyForDeploymentPostprocessing = 0;
			shellPath = /bin/sh;
			shellScript = "\"${PODS_ROOT}/Target Support Files/Pods-ExerciseBlockchain-ExerciseBlockchainUITests/Pods-ExerciseBlockchain-ExerciseBlockchainUITests-frameworks.sh\"\n";
			showEnvVarsInLog = 0;
		};
/* End PBXShellScriptBuildPhase section */

/* Begin PBXSourcesBuildPhase section */
		33DE00602586F00F008C98A3 /* Sources */ = {
			isa = PBXSourcesBuildPhase;
			buildActionMask = 2147483647;
			files = (
				33DE00B92586F224008C98A3 /* ChartSettingDefaults.swift in Sources */,
				33DE006C2586F00F008C98A3 /* ViewController.swift in Sources */,
				33DE00682586F00F008C98A3 /* AppDelegate.swift in Sources */,
				33DE00A02586F0AB008C98A3 /* EnumCommon.swift in Sources */,
				33DE009B2586F06F008C98A3 /* ChartModel.swift in Sources */,
				33DE006A2586F00F008C98A3 /* SceneDelegate.swift in Sources */,
				33DE00B42586F185008C98A3 /* ApiClient.swift in Sources */,
			);
			runOnlyForDeploymentPostprocessing = 0;
		};
		33DE00762586F012008C98A3 /* Sources */ = {
			isa = PBXSourcesBuildPhase;
			buildActionMask = 2147483647;
			files = (
				33DE007F2586F012008C98A3 /* ExerciseBlockchainTests.swift in Sources */,
			);
			runOnlyForDeploymentPostprocessing = 0;
		};
		33DE00812586F012008C98A3 /* Sources */ = {
			isa = PBXSourcesBuildPhase;
			buildActionMask = 2147483647;
			files = (
				33DE008A2586F012008C98A3 /* ExerciseBlockchainUITests.swift in Sources */,
			);
			runOnlyForDeploymentPostprocessing = 0;
		};
/* End PBXSourcesBuildPhase section */

/* Begin PBXTargetDependency section */
		33DE007C2586F012008C98A3 /* PBXTargetDependency */ = {
			isa = PBXTargetDependency;
			target = 33DE00632586F00F008C98A3 /* ExerciseBlockchain */;
			targetProxy = 33DE007B2586F012008C98A3 /* PBXContainerItemProxy */;
		};
		33DE00872586F012008C98A3 /* PBXTargetDependency */ = {
			isa = PBXTargetDependency;
			target = 33DE00632586F00F008C98A3 /* ExerciseBlockchain */;
			targetProxy = 33DE00862586F012008C98A3 /* PBXContainerItemProxy */;
		};
/* End PBXTargetDependency section */

/* Begin XCBuildConfiguration section */
		33DE008C2586F012008C98A3 /* Debug */ = {
			isa = XCBuildConfiguration;
			buildSettings = {
				ALWAYS_SEARCH_USER_PATHS = NO;
				CLANG_ANALYZER_NONNULL = YES;
				CLANG_ANALYZER_NUMBER_OBJECT_CONVERSION = YES_AGGRESSIVE;
				CLANG_CXX_LANGUAGE_STANDARD = "gnu++14";
				CLANG_CXX_LIBRARY = "libc++";
				CLANG_ENABLE_MODULES = YES;
				CLANG_ENABLE_OBJC_ARC = YES;
				CLANG_ENABLE_OBJC_WEAK = YES;
				CLANG_WARN_BLOCK_CAPTURE_AUTORELEASING = YES;
				CLANG_WARN_BOOL_CONVERSION = YES;
				CLANG_WARN_COMMA = YES;
				CLANG_WARN_CONSTANT_CONVERSION = YES;
				CLANG_WARN_DEPRECATED_OBJC_IMPLEMENTATIONS = YES;
				CLANG_WARN_DIRECT_OBJC_ISA_USAGE = YES_ERROR;
				CLANG_WARN_DOCUMENTATION_COMMENTS = YES;
				CLANG_WARN_EMPTY_BODY = YES;
				CLANG_WARN_ENUM_CONVERSION = YES;
				CLANG_WARN_INFINITE_RECURSION = YES;
				CLANG_WARN_INT_CONVERSION = YES;
				CLANG_WARN_NON_LITERAL_NULL_CONVERSION = YES;
				CLANG_WARN_OBJC_IMPLICIT_RETAIN_SELF = YES;
				CLANG_WARN_OBJC_LITERAL_CONVERSION = YES;
				CLANG_WARN_OBJC_ROOT_CLASS = YES_ERROR;
				CLANG_WARN_QUOTED_INCLUDE_IN_FRAMEWORK_HEADER = YES;
				CLANG_WARN_RANGE_LOOP_ANALYSIS = YES;
				CLANG_WARN_STRICT_PROTOTYPES = YES;
				CLANG_WARN_SUSPICIOUS_MOVE = YES;
				CLANG_WARN_UNGUARDED_AVAILABILITY = YES_AGGRESSIVE;
				CLANG_WARN_UNREACHABLE_CODE = YES;
				CLANG_WARN__DUPLICATE_METHOD_MATCH = YES;
				COPY_PHASE_STRIP = NO;
				DEBUG_INFORMATION_FORMAT = dwarf;
				ENABLE_STRICT_OBJC_MSGSEND = YES;
				ENABLE_TESTABILITY = YES;
				GCC_C_LANGUAGE_STANDARD = gnu11;
				GCC_DYNAMIC_NO_PIC = NO;
				GCC_NO_COMMON_BLOCKS = YES;
				GCC_OPTIMIZATION_LEVEL = 0;
				GCC_PREPROCESSOR_DEFINITIONS = (
					"DEBUG=1",
					"$(inherited)",
				);
				GCC_WARN_64_TO_32_BIT_CONVERSION = YES;
				GCC_WARN_ABOUT_RETURN_TYPE = YES_ERROR;
				GCC_WARN_UNDECLARED_SELECTOR = YES;
				GCC_WARN_UNINITIALIZED_AUTOS = YES_AGGRESSIVE;
				GCC_WARN_UNUSED_FUNCTION = YES;
				GCC_WARN_UNUSED_VARIABLE = YES;
				IPHONEOS_DEPLOYMENT_TARGET = 14.0;
				MTL_ENABLE_DEBUG_INFO = INCLUDE_SOURCE;
				MTL_FAST_MATH = YES;
				ONLY_ACTIVE_ARCH = YES;
				SDKROOT = iphoneos;
				SWIFT_ACTIVE_COMPILATION_CONDITIONS = DEBUG;
				SWIFT_OPTIMIZATION_LEVEL = "-Onone";
			};
			name = Debug;
		};
		33DE008D2586F012008C98A3 /* Release */ = {
			isa = XCBuildConfiguration;
			buildSettings = {
				ALWAYS_SEARCH_USER_PATHS = NO;
				CLANG_ANALYZER_NONNULL = YES;
				CLANG_ANALYZER_NUMBER_OBJECT_CONVERSION = YES_AGGRESSIVE;
				CLANG_CXX_LANGUAGE_STANDARD = "gnu++14";
				CLANG_CXX_LIBRARY = "libc++";
				CLANG_ENABLE_MODULES = YES;
				CLANG_ENABLE_OBJC_ARC = YES;
				CLANG_ENABLE_OBJC_WEAK = YES;
				CLANG_WARN_BLOCK_CAPTURE_AUTORELEASING = YES;
				CLANG_WARN_BOOL_CONVERSION = YES;
				CLANG_WARN_COMMA = YES;
				CLANG_WARN_CONSTANT_CONVERSION = YES;
				CLANG_WARN_DEPRECATED_OBJC_IMPLEMENTATIONS = YES;
				CLANG_WARN_DIRECT_OBJC_ISA_USAGE = YES_ERROR;
				CLANG_WARN_DOCUMENTATION_COMMENTS = YES;
				CLANG_WARN_EMPTY_BODY = YES;
				CLANG_WARN_ENUM_CONVERSION = YES;
				CLANG_WARN_INFINITE_RECURSION = YES;
				CLANG_WARN_INT_CONVERSION = YES;
				CLANG_WARN_NON_LITERAL_NULL_CONVERSION = YES;
				CLANG_WARN_OBJC_IMPLICIT_RETAIN_SELF = YES;
				CLANG_WARN_OBJC_LITERAL_CONVERSION = YES;
				CLANG_WARN_OBJC_ROOT_CLASS = YES_ERROR;
				CLANG_WARN_QUOTED_INCLUDE_IN_FRAMEWORK_HEADER = YES;
				CLANG_WARN_RANGE_LOOP_ANALYSIS = YES;
				CLANG_WARN_STRICT_PROTOTYPES = YES;
				CLANG_WARN_SUSPICIOUS_MOVE = YES;
				CLANG_WARN_UNGUARDED_AVAILABILITY = YES_AGGRESSIVE;
				CLANG_WARN_UNREACHABLE_CODE = YES;
				CLANG_WARN__DUPLICATE_METHOD_MATCH = YES;
				COPY_PHASE_STRIP = NO;
				DEBUG_INFORMATION_FORMAT = "dwarf-with-dsym";
				ENABLE_NS_ASSERTIONS = NO;
				ENABLE_STRICT_OBJC_MSGSEND = YES;
				GCC_C_LANGUAGE_STANDARD = gnu11;
				GCC_NO_COMMON_BLOCKS = YES;
				GCC_WARN_64_TO_32_BIT_CONVERSION = YES;
				GCC_WARN_ABOUT_RETURN_TYPE = YES_ERROR;
				GCC_WARN_UNDECLARED_SELECTOR = YES;
				GCC_WARN_UNINITIALIZED_AUTOS = YES_AGGRESSIVE;
				GCC_WARN_UNUSED_FUNCTION = YES;
				GCC_WARN_UNUSED_VARIABLE = YES;
				IPHONEOS_DEPLOYMENT_TARGET = 14.0;
				MTL_ENABLE_DEBUG_INFO = NO;
				MTL_FAST_MATH = YES;
				SDKROOT = iphoneos;
				SWIFT_COMPILATION_MODE = wholemodule;
				SWIFT_OPTIMIZATION_LEVEL = "-O";
				VALIDATE_PRODUCT = YES;
			};
			name = Release;
		};
		33DE008F2586F012008C98A3 /* Debug */ = {
			isa = XCBuildConfiguration;
			baseConfigurationReference = 9517B806636B2CAB0175841E /* Pods-ExerciseBlockchain.debug.xcconfig */;
			buildSettings = {
				ASSETCATALOG_COMPILER_APPICON_NAME = AppIcon;
				ASSETCATALOG_COMPILER_GLOBAL_ACCENT_COLOR_NAME = AccentColor;
				CODE_SIGN_STYLE = Automatic;
				INFOPLIST_FILE = ExerciseBlockchain/Info.plist;
				IPHONEOS_DEPLOYMENT_TARGET = 13.0;
				LD_RUNPATH_SEARCH_PATHS = (
					"$(inherited)",
					"@executable_path/Frameworks",
				);
				PRODUCT_BUNDLE_IDENTIFIER = developerliuh.ExerciseBlockchain;
				PRODUCT_NAME = "$(TARGET_NAME)";
				SWIFT_VERSION = 5.0;
				TARGETED_DEVICE_FAMILY = 1;
			};
			name = Debug;
		};
		33DE00902586F012008C98A3 /* Release */ = {
			isa = XCBuildConfiguration;
			baseConfigurationReference = 5839D8B19C5FBB40EBD154F9 /* Pods-ExerciseBlockchain.release.xcconfig */;
			buildSettings = {
				ASSETCATALOG_COMPILER_APPICON_NAME = AppIcon;
				ASSETCATALOG_COMPILER_GLOBAL_ACCENT_COLOR_NAME = AccentColor;
				CODE_SIGN_STYLE = Automatic;
				INFOPLIST_FILE = ExerciseBlockchain/Info.plist;
				IPHONEOS_DEPLOYMENT_TARGET = 13.0;
				LD_RUNPATH_SEARCH_PATHS = (
					"$(inherited)",
					"@executable_path/Frameworks",
				);
				PRODUCT_BUNDLE_IDENTIFIER = developerliuh.ExerciseBlockchain;
				PRODUCT_NAME = "$(TARGET_NAME)";
				SWIFT_VERSION = 5.0;
				TARGETED_DEVICE_FAMILY = 1;
			};
			name = Release;
		};
		33DE00922586F012008C98A3 /* Debug */ = {
			isa = XCBuildConfiguration;
			baseConfigurationReference = BFDC17CFCC19153A6B366826 /* Pods-ExerciseBlockchainTests.debug.xcconfig */;
			buildSettings = {
				ALWAYS_EMBED_SWIFT_STANDARD_LIBRARIES = YES;
				BUNDLE_LOADER = "$(TEST_HOST)";
				CODE_SIGN_STYLE = Automatic;
				INFOPLIST_FILE = ExerciseBlockchainTests/Info.plist;
				IPHONEOS_DEPLOYMENT_TARGET = 14.0;
				LD_RUNPATH_SEARCH_PATHS = (
					"$(inherited)",
					"@executable_path/Frameworks",
					"@loader_path/Frameworks",
				);
				PRODUCT_BUNDLE_IDENTIFIER = developerliuh.ExerciseBlockchainTests;
				PRODUCT_NAME = "$(TARGET_NAME)";
				SWIFT_VERSION = 5.0;
				TARGETED_DEVICE_FAMILY = "1,2";
				TEST_HOST = "$(BUILT_PRODUCTS_DIR)/ExerciseBlockchain.app/ExerciseBlockchain";
			};
			name = Debug;
		};
		33DE00932586F012008C98A3 /* Release */ = {
			isa = XCBuildConfiguration;
			baseConfigurationReference = 85366619F53F62ED081A2089 /* Pods-ExerciseBlockchainTests.release.xcconfig */;
			buildSettings = {
				ALWAYS_EMBED_SWIFT_STANDARD_LIBRARIES = YES;
				BUNDLE_LOADER = "$(TEST_HOST)";
				CODE_SIGN_STYLE = Automatic;
				INFOPLIST_FILE = ExerciseBlockchainTests/Info.plist;
				IPHONEOS_DEPLOYMENT_TARGET = 14.0;
				LD_RUNPATH_SEARCH_PATHS = (
					"$(inherited)",
					"@executable_path/Frameworks",
					"@loader_path/Frameworks",
				);
				PRODUCT_BUNDLE_IDENTIFIER = developerliuh.ExerciseBlockchainTests;
				PRODUCT_NAME = "$(TARGET_NAME)";
				SWIFT_VERSION = 5.0;
				TARGETED_DEVICE_FAMILY = "1,2";
				TEST_HOST = "$(BUILT_PRODUCTS_DIR)/ExerciseBlockchain.app/ExerciseBlockchain";
			};
			name = Release;
		};
		33DE00952586F012008C98A3 /* Debug */ = {
			isa = XCBuildConfiguration;
			baseConfigurationReference = 3ECA0F80F32B3B3B80FFD9D6 /* Pods-ExerciseBlockchain-ExerciseBlockchainUITests.debug.xcconfig */;
			buildSettings = {
				ALWAYS_EMBED_SWIFT_STANDARD_LIBRARIES = YES;
				CODE_SIGN_STYLE = Automatic;
				INFOPLIST_FILE = ExerciseBlockchainUITests/Info.plist;
				LD_RUNPATH_SEARCH_PATHS = (
					"$(inherited)",
					"@executable_path/Frameworks",
					"@loader_path/Frameworks",
				);
				PRODUCT_BUNDLE_IDENTIFIER = developerliuh.ExerciseBlockchainUITests;
				PRODUCT_NAME = "$(TARGET_NAME)";
				SWIFT_VERSION = 5.0;
				TARGETED_DEVICE_FAMILY = "1,2";
				TEST_TARGET_NAME = ExerciseBlockchain;
			};
			name = Debug;
		};
		33DE00962586F012008C98A3 /* Release */ = {
			isa = XCBuildConfiguration;
			baseConfigurationReference = 4220B1E52D3CF9F680896A00 /* Pods-ExerciseBlockchain-ExerciseBlockchainUITests.release.xcconfig */;
			buildSettings = {
				ALWAYS_EMBED_SWIFT_STANDARD_LIBRARIES = YES;
				CODE_SIGN_STYLE = Automatic;
				INFOPLIST_FILE = ExerciseBlockchainUITests/Info.plist;
				LD_RUNPATH_SEARCH_PATHS = (
					"$(inherited)",
					"@executable_path/Frameworks",
					"@loader_path/Frameworks",
				);
				PRODUCT_BUNDLE_IDENTIFIER = developerliuh.ExerciseBlockchainUITests;
				PRODUCT_NAME = "$(TARGET_NAME)";
				SWIFT_VERSION = 5.0;
				TARGETED_DEVICE_FAMILY = "1,2";
				TEST_TARGET_NAME = ExerciseBlockchain;
			};
			name = Release;
		};
/* End XCBuildConfiguration section */

/* Begin XCConfigurationList section */
		33DE005F2586F00F008C98A3 /* Build configuration list for PBXProject "ExerciseBlockchain" */ = {
			isa = XCConfigurationList;
			buildConfigurations = (
				33DE008C2586F012008C98A3 /* Debug */,
				33DE008D2586F012008C98A3 /* Release */,
			);
			defaultConfigurationIsVisible = 0;
			defaultConfigurationName = Release;
		};
		33DE008E2586F012008C98A3 /* Build configuration list for PBXNativeTarget "ExerciseBlockchain" */ = {
			isa = XCConfigurationList;
			buildConfigurations = (
				33DE008F2586F012008C98A3 /* Debug */,
				33DE00902586F012008C98A3 /* Release */,
			);
			defaultConfigurationIsVisible = 0;
			defaultConfigurationName = Release;
		};
		33DE00912586F012008C98A3 /* Build configuration list for PBXNativeTarget "ExerciseBlockchainTests" */ = {
			isa = XCConfigurationList;
			buildConfigurations = (
				33DE00922586F012008C98A3 /* Debug */,
				33DE00932586F012008C98A3 /* Release */,
			);
			defaultConfigurationIsVisible = 0;
			defaultConfigurationName = Release;
		};
		33DE00942586F012008C98A3 /* Build configuration list for PBXNativeTarget "ExerciseBlockchainUITests" */ = {
			isa = XCConfigurationList;
			buildConfigurations = (
				33DE00952586F012008C98A3 /* Debug */,
				33DE00962586F012008C98A3 /* Release */,
			);
			defaultConfigurationIsVisible = 0;
			defaultConfigurationName = Release;
		};
/* End XCConfigurationList section */
	};
	rootObject = 33DE005C2586F00F008C98A3 /* Project object */;
}
